
Microsoft Visual Studio Solution File, Format Version 12.00
# Visual Studio Version 17
VisualStudioVersion = 17.8.34316.72
MinimumVisualStudioVersion = 10.0.40219.1
Project("{9A19103F-16F7-4668-BE54-9A1E7A4F7556}") = "ConsoleAppProject", "ConsoleAppProject\ConsoleAppProject.csproj", "{3D3C516C-6C48-4A43-A9FC-852DC411D311}"
EndProject
Project("{9A19103F-16F7-4668-BE54-9A1E7A4F7556}") = "Nunitplaywright", "Nunitplaywright\Nunitplaywright.csproj", "{BF6C8A5B-53D9-45AD-9CB5-1031DA899087}"
EndProject
Project("{FAE04EC0-301F-11D3-BF4B-00C04F79EFBC}") = "AssignmentNunitPW", "AssignmentNunitPW\AssignmentNunitPW.csproj", "{ADA8A341-ED19-4E87-AF6D-404B1A3DF99A}"
EndProject
Project("{FAE04EC0-301F-11D3-BF4B-00C04F79EFBC}") = "POMProjectPW", "POMProjectPW\POMProjectPW.csproj", "{CE9D3317-D354-4CF2-B1AF-2639C502C0DC}"
EndProject
Global
	GlobalSection(SolutionConfigurationPlatforms) = preSolution
		Debug|Any CPU = Debug|Any CPU
		Release|Any CPU = Release|Any CPU
	EndGlobalSection
	GlobalSection(ProjectConfigurationPlatforms) = postSolution
		{3D3C516C-6C48-4A43-A9FC-852DC411D311}.Debug|Any CPU.ActiveCfg = Debug|Any CPU
		{3D3C516C-6C48-4A43-A9FC-852DC411D311}.Debug|Any CPU.Build.0 = Debug|Any CPU
		{3D3C516C-6C48-4A43-A9FC-852DC411D311}.Release|Any CPU.ActiveCfg = Release|Any CPU
		{3D3C516C-6C48-4A43-A9FC-852DC411D311}.Release|Any CPU.Build.0 = Release|Any CPU
		{BF6C8A5B-53D9-45AD-9CB5-1031DA899087}.Debug|Any CPU.ActiveCfg = Debug|Any CPU
		{BF6C8A5B-53D9-45AD-9CB5-1031DA899087}.Debug|Any CPU.Build.0 = Debug|Any CPU
		{BF6C8A5B-53D9-45AD-9CB5-1031DA899087}.Release|Any CPU.ActiveCfg = Release|Any CPU
		{BF6C8A5B-53D9-45AD-9CB5-1031DA899087}.Release|Any CPU.Build.0 = Release|Any CPU
		{ADA8A341-ED19-4E87-AF6D-404B1A3DF99A}.Debug|Any CPU.ActiveCfg = Debug|Any CPU
		{ADA8A341-ED19-4E87-AF6D-404B1A3DF99A}.Debug|Any CPU.Build.0 = Debug|Any CPU
		{ADA8A341-ED19-4E87-AF6D-404B1A3DF99A}.Release|Any CPU.ActiveCfg = Release|Any CPU
		{ADA8A341-ED19-4E87-AF6D-404B1A3DF99A}.Release|Any CPU.Build.0 = Release|Any CPU
		{CE9D3317-D354-4CF2-B1AF-2639C502C0DC}.Debug|Any CPU.ActiveCfg = Debug|Any CPU
		{CE9D3317-D354-4CF2-B1AF-2639C502C0DC}.Debug|Any CPU.Build.0 = Debug|Any CPU
		{CE9D3317-D354-4CF2-B1AF-2639C502C0DC}.Release|Any CPU.ActiveCfg = Release|Any CPU
		{CE9D3317-D354-4CF2-B1AF-2639C502C0DC}.Release|Any CPU.Build.0 = Release|Any CPU
	EndGlobalSection
	GlobalSection(SolutionProperties) = preSolution
		HideSolutionNode = FALSE
	EndGlobalSection
	GlobalSection(ExtensibilityGlobals) = postSolution
		SolutionGuid = {F27C8CBD-7CC2-4B4C-AF8A-BB5334B98E62}
	EndGlobalSection
EndGlobal
